
Microsoft Visual Studio Solution File, Format Version 12.00
# Visual Studio Version 17
VisualStudioVersion = 17.5.002.0
MinimumVisualStudioVersion = 10.0.40219.1
Project("{9A19103F-16F7-4668-BE54-9A1E7A4F7556}") = "gregsListSharp", "server\gregsListSharp.csproj", "{F43020FF-7727-4460-9420-AAE2157A1C4E}"
EndProject
Global
	GlobalSection(SolutionConfigurationPlatforms) = preSolution
		Debug|Any CPU = Debug|Any CPU
		Release|Any CPU = Release|Any CPU
	EndGlobalSection
	GlobalSection(ProjectConfigurationPlatforms) = postSolution
		{F43020FF-7727-4460-9420-AAE2157A1C4E}.Debug|Any CPU.ActiveCfg = Debug|Any CPU
		{F43020FF-7727-4460-9420-AAE2157A1C4E}.Debug|Any CPU.Build.0 = Debug|Any CPU
		{F43020FF-7727-4460-9420-AAE2157A1C4E}.Release|Any CPU.ActiveCfg = Release|Any CPU
		{F43020FF-7727-4460-9420-AAE2157A1C4E}.Release|Any CPU.Build.0 = Release|Any CPU
	EndGlobalSection
	GlobalSection(SolutionProperties) = preSolution
		HideSolutionNode = FALSE
	EndGlobalSection
	GlobalSection(ExtensibilityGlobals) = postSolution
		SolutionGuid = {C54FFE2E-0879-4A63-A1D9-8F842C5A650C}
	EndGlobalSection
EndGlobal
